{
  "requires": true,
  "lockfileVersion": 1,
  "dependencies": {
    "react-native-popup-menu": {
      "version": "0.15.5",
      "resolved": "https://registry.npmjs.org/react-native-popup-menu/-/react-native-popup-menu-0.15.5.tgz",
      "integrity": "sha512-9Lgj3HQgemrEDddiDGS9x/5U9jLdo9hzYpGqohmIBe7n+z9VN1P/VxOr951WZAq6GPUHnNDXBBM/7Mun+1v5hw=="
    }
  }
}
